
Microsoft Visual Studio Solution File, Format Version 12.00
# Visual Studio Version 17
VisualStudioVersion = 17.8.34322.80
MinimumVisualStudioVersion = 10.0.40219.1
Project("{FAE04EC0-301F-11D3-BF4B-00C04F79EFBC}") = "Auth", "Auth\Auth.csproj", "{0533959F-83AB-4873-B890-3B28338F430D}"
EndProject
Global
	GlobalSection(SolutionConfigurationPlatforms) = preSolution
		Debug|Any CPU = Debug|Any CPU
		Release|Any CPU = Release|Any CPU
	EndGlobalSection
	GlobalSection(ProjectConfigurationPlatforms) = postSolution
		{0533959F-83AB-4873-B890-3B28338F430D}.Debug|Any CPU.ActiveCfg = Debug|Any CPU
		{0533959F-83AB-4873-B890-3B28338F430D}.Debug|Any CPU.Build.0 = Debug|Any CPU
		{0533959F-83AB-4873-B890-3B28338F430D}.Release|Any CPU.ActiveCfg = Release|Any CPU
		{0533959F-83AB-4873-B890-3B28338F430D}.Release|Any CPU.Build.0 = Release|Any CPU
	EndGlobalSection
	GlobalSection(SolutionProperties) = preSolution
		HideSolutionNode = FALSE
	EndGlobalSection
	GlobalSection(ExtensibilityGlobals) = postSolution
		SolutionGuid = {617151D4-A1F1-4894-BDE0-8EB03182A58A}
	EndGlobalSection
EndGlobal
